
Microsoft Visual Studio Solution File, Format Version 12.00
# Visual Studio Version 17
VisualStudioVersion = 17.0.32126.317
MinimumVisualStudioVersion = 10.0.40219.1
Project("{FAE04EC0-301F-11D3-BF4B-00C04F79EFBC}") = "Distancia entre dias", "Distancia entre dias\Distancia entre dias.csproj", "{EAB1A852-8814-40C6-A762-2B1C461F4A85}"
EndProject
Global
	GlobalSection(SolutionConfigurationPlatforms) = preSolution
		Debug|Any CPU = Debug|Any CPU
		Release|Any CPU = Release|Any CPU
	EndGlobalSection
	GlobalSection(ProjectConfigurationPlatforms) = postSolution
		{EAB1A852-8814-40C6-A762-2B1C461F4A85}.Debug|Any CPU.ActiveCfg = Debug|Any CPU
		{EAB1A852-8814-40C6-A762-2B1C461F4A85}.Debug|Any CPU.Build.0 = Debug|Any CPU
		{EAB1A852-8814-40C6-A762-2B1C461F4A85}.Release|Any CPU.ActiveCfg = Release|Any CPU
		{EAB1A852-8814-40C6-A762-2B1C461F4A85}.Release|Any CPU.Build.0 = Release|Any CPU
	EndGlobalSection
	GlobalSection(SolutionProperties) = preSolution
		HideSolutionNode = FALSE
	EndGlobalSection
	GlobalSection(ExtensibilityGlobals) = postSolution
		SolutionGuid = {3DB5ABCC-A641-4560-99CE-E5219EB47B09}
	EndGlobalSection
EndGlobal
